// !$*UTF8*$!
{
	archiveVersion = 1;
	classes = {
	};
	objectVersion = 46;
	objects = {

/* Begin PBXBuildFile section */
		876E2173AD527B8578DC0D8A /* Pods_HackathonClient.framework in Frameworks */ = {isa = PBXBuildFile; fileRef = 734B80E9C9EA89D7D7822264 /* Pods_HackathonClient.framework */; };
		B16E37951D1E51E500877D4A /* main.m in Sources */ = {isa = PBXBuildFile; fileRef = B16E37941D1E51E500877D4A /* main.m */; };
		B16E37981D1E51E500877D4A /* AppDelegate.m in Sources */ = {isa = PBXBuildFile; fileRef = B16E37971D1E51E500877D4A /* AppDelegate.m */; };
		B16E37A01D1E51E500877D4A /* Assets.xcassets in Resources */ = {isa = PBXBuildFile; fileRef = B16E379F1D1E51E500877D4A /* Assets.xcassets */; };
		B16E37A31D1E51E500877D4A /* LaunchScreen.storyboard in Resources */ = {isa = PBXBuildFile; fileRef = B16E37A11D1E51E500877D4A /* LaunchScreen.storyboard */; };
		B16E37B01D1E783300877D4A /* ExploreViewController.m in Sources */ = {isa = PBXBuildFile; fileRef = B16E37AF1D1E783300877D4A /* ExploreViewController.m */; };
		B16E37B31D1E784A00877D4A /* LiveViewController.m in Sources */ = {isa = PBXBuildFile; fileRef = B16E37B21D1E784A00877D4A /* LiveViewController.m */; };
		B16E37B61D1E785800877D4A /* ProfileViewController.m in Sources */ = {isa = PBXBuildFile; fileRef = B16E37B51D1E785800877D4A /* ProfileViewController.m */; };
		B16E37BF1D1E7DE200877D4A /* CYLPlusButtonSubclass.m in Sources */ = {isa = PBXBuildFile; fileRef = B16E37BC1D1E7DE200877D4A /* CYLPlusButtonSubclass.m */; };
		B16E37C01D1E7DE200877D4A /* CYLTabBarControllerConfig.m in Sources */ = {isa = PBXBuildFile; fileRef = B16E37BE1D1E7DE200877D4A /* CYLTabBarControllerConfig.m */; };
		B16E37C51D1E88EC00877D4A /* libc++.tbd in Frameworks */ = {isa = PBXBuildFile; fileRef = B16E37C41D1E88EC00877D4A /* libc++.tbd */; };
		B16E37C71D1E88F400877D4A /* CoreMotion.framework in Frameworks */ = {isa = PBXBuildFile; fileRef = B16E37C61D1E88F400877D4A /* CoreMotion.framework */; };
		B16E37C91D1E88FC00877D4A /* SystemConfiguration.framework in Frameworks */ = {isa = PBXBuildFile; fileRef = B16E37C81D1E88FC00877D4A /* SystemConfiguration.framework */; };
		B16E37CB1D1E890300877D4A /* CoreTelephony.framework in Frameworks */ = {isa = PBXBuildFile; fileRef = B16E37CA1D1E890300877D4A /* CoreTelephony.framework */; };
		B16E37CD1D1E890B00877D4A /* CoreMedia.framework in Frameworks */ = {isa = PBXBuildFile; fileRef = B16E37CC1D1E890B00877D4A /* CoreMedia.framework */; };
		B16E37CF1D1E891300877D4A /* AVFoundation.framework in Frameworks */ = {isa = PBXBuildFile; fileRef = B16E37CE1D1E891300877D4A /* AVFoundation.framework */; };
		B16E37D11D1E891B00877D4A /* VideoToolbox.framework in Frameworks */ = {isa = PBXBuildFile; fileRef = B16E37D01D1E891B00877D4A /* VideoToolbox.framework */; };
		B16E37D31D1E892300877D4A /* AudioToolbox.framework in Frameworks */ = {isa = PBXBuildFile; fileRef = B16E37D21D1E892300877D4A /* AudioToolbox.framework */; };
		B16E37D51D1E8B1300877D4A /* AgoraRtcEngineKit.framework in Frameworks */ = {isa = PBXBuildFile; fileRef = B16E37D41D1E8B1300877D4A /* AgoraRtcEngineKit.framework */; };
		B16E37D71D1E97D300877D4A /* LiveViewController.xib in Resources */ = {isa = PBXBuildFile; fileRef = B16E37D61D1E97D300877D4A /* LiveViewController.xib */; };
		B16E37DC1D1E9AED00877D4A /* AGDChatCell.m in Sources */ = {isa = PBXBuildFile; fileRef = B16E37DB1D1E9AED00877D4A /* AGDChatCell.m */; };
		C54B5BDD1D1EA64C005B8273 /* UITableView+HYBCacheHeight.m in Sources */ = {isa = PBXBuildFile; fileRef = C54B5BDA1D1EA64C005B8273 /* UITableView+HYBCacheHeight.m */; };
		C54B5BDE1D1EA64C005B8273 /* UITableViewCell+HYBMasonryAutoCellHeight.m in Sources */ = {isa = PBXBuildFile; fileRef = C54B5BDC1D1EA64C005B8273 /* UITableViewCell+HYBMasonryAutoCellHeight.m */; };
		C54B5BE51D1EA67D005B8273 /* JGridView.m in Sources */ = {isa = PBXBuildFile; fileRef = C54B5BE01D1EA67D005B8273 /* JGridView.m */; };
		C54B5BE61D1EA67D005B8273 /* JMessageCell.m in Sources */ = {isa = PBXBuildFile; fileRef = C54B5BE21D1EA67D005B8273 /* JMessageCell.m */; };
		C54B5BE71D1EA67D005B8273 /* JMessageModel.m in Sources */ = {isa = PBXBuildFile; fileRef = C54B5BE41D1EA67D005B8273 /* JMessageModel.m */; };
		C54B5BEC1D1EA697005B8273 /* LoginViewController.m in Sources */ = {isa = PBXBuildFile; fileRef = C54B5BEA1D1EA697005B8273 /* LoginViewController.m */; };
		C54B5BED1D1EA697005B8273 /* LoginViewController.xib in Resources */ = {isa = PBXBuildFile; fileRef = C54B5BEB1D1EA697005B8273 /* LoginViewController.xib */; };
/* End PBXBuildFile section */

/* Begin PBXFileReference section */
		1D6C2C3CD8BB9A4DB7155ED2 /* Pods-HackathonClient.release.xcconfig */ = {isa = PBXFileReference; includeInIndex = 1; lastKnownFileType = text.xcconfig; name = "Pods-HackathonClient.release.xcconfig"; path = "Pods/Target Support Files/Pods-HackathonClient/Pods-HackathonClient.release.xcconfig"; sourceTree = "<group>"; };
		734B80E9C9EA89D7D7822264 /* Pods_HackathonClient.framework */ = {isa = PBXFileReference; explicitFileType = wrapper.framework; includeInIndex = 0; path = Pods_HackathonClient.framework; sourceTree = BUILT_PRODUCTS_DIR; };
		B16E37901D1E51E500877D4A /* HackathonClient.app */ = {isa = PBXFileReference; explicitFileType = wrapper.application; includeInIndex = 0; path = HackathonClient.app; sourceTree = BUILT_PRODUCTS_DIR; };
		B16E37941D1E51E500877D4A /* main.m */ = {isa = PBXFileReference; lastKnownFileType = sourcecode.c.objc; path = main.m; sourceTree = "<group>"; };
		B16E37961D1E51E500877D4A /* AppDelegate.h */ = {isa = PBXFileReference; lastKnownFileType = sourcecode.c.h; path = AppDelegate.h; sourceTree = "<group>"; };
		B16E37971D1E51E500877D4A /* AppDelegate.m */ = {isa = PBXFileReference; lastKnownFileType = sourcecode.c.objc; path = AppDelegate.m; sourceTree = "<group>"; };
		B16E379F1D1E51E500877D4A /* Assets.xcassets */ = {isa = PBXFileReference; lastKnownFileType = folder.assetcatalog; path = Assets.xcassets; sourceTree = "<group>"; };
		B16E37A21D1E51E500877D4A /* Base */ = {isa = PBXFileReference; lastKnownFileType = file.storyboard; name = Base; path = Base.lproj/LaunchScreen.storyboard; sourceTree = "<group>"; };
		B16E37A41D1E51E500877D4A /* Info.plist */ = {isa = PBXFileReference; lastKnownFileType = text.plist.xml; path = Info.plist; sourceTree = "<group>"; };
		B16E37AE1D1E783300877D4A /* ExploreViewController.h */ = {isa = PBXFileReference; fileEncoding = 4; lastKnownFileType = sourcecode.c.h; path = ExploreViewController.h; sourceTree = "<group>"; };
		B16E37AF1D1E783300877D4A /* ExploreViewController.m */ = {isa = PBXFileReference; fileEncoding = 4; lastKnownFileType = sourcecode.c.objc; path = ExploreViewController.m; sourceTree = "<group>"; };
		B16E37B11D1E784A00877D4A /* LiveViewController.h */ = {isa = PBXFileReference; fileEncoding = 4; lastKnownFileType = sourcecode.c.h; path = LiveViewController.h; sourceTree = "<group>"; };
		B16E37B21D1E784A00877D4A /* LiveViewController.m */ = {isa = PBXFileReference; fileEncoding = 4; lastKnownFileType = sourcecode.c.objc; path = LiveViewController.m; sourceTree = "<group>"; };
		B16E37B41D1E785800877D4A /* ProfileViewController.h */ = {isa = PBXFileReference; fileEncoding = 4; lastKnownFileType = sourcecode.c.h; path = ProfileViewController.h; sourceTree = "<group>"; };
		B16E37B51D1E785800877D4A /* ProfileViewController.m */ = {isa = PBXFileReference; fileEncoding = 4; lastKnownFileType = sourcecode.c.objc; path = ProfileViewController.m; sourceTree = "<group>"; };
		B16E37BB1D1E7DE200877D4A /* CYLPlusButtonSubclass.h */ = {isa = PBXFileReference; fileEncoding = 4; lastKnownFileType = sourcecode.c.h; path = CYLPlusButtonSubclass.h; sourceTree = "<group>"; };
		B16E37BC1D1E7DE200877D4A /* CYLPlusButtonSubclass.m */ = {isa = PBXFileReference; fileEncoding = 4; lastKnownFileType = sourcecode.c.objc; path = CYLPlusButtonSubclass.m; sourceTree = "<group>"; };
		B16E37BD1D1E7DE200877D4A /* CYLTabBarControllerConfig.h */ = {isa = PBXFileReference; fileEncoding = 4; lastKnownFileType = sourcecode.c.h; path = CYLTabBarControllerConfig.h; sourceTree = "<group>"; };
		B16E37BE1D1E7DE200877D4A /* CYLTabBarControllerConfig.m */ = {isa = PBXFileReference; fileEncoding = 4; lastKnownFileType = sourcecode.c.objc; path = CYLTabBarControllerConfig.m; sourceTree = "<group>"; };
		B16E37C41D1E88EC00877D4A /* libc++.tbd */ = {isa = PBXFileReference; lastKnownFileType = "sourcecode.text-based-dylib-definition"; name = "libc++.tbd"; path = "usr/lib/libc++.tbd"; sourceTree = SDKROOT; };
		B16E37C61D1E88F400877D4A /* CoreMotion.framework */ = {isa = PBXFileReference; lastKnownFileType = wrapper.framework; name = CoreMotion.framework; path = System/Library/Frameworks/CoreMotion.framework; sourceTree = SDKROOT; };
		B16E37C81D1E88FC00877D4A /* SystemConfiguration.framework */ = {isa = PBXFileReference; lastKnownFileType = wrapper.framework; name = SystemConfiguration.framework; path = System/Library/Frameworks/SystemConfiguration.framework; sourceTree = SDKROOT; };
		B16E37CA1D1E890300877D4A /* CoreTelephony.framework */ = {isa = PBXFileReference; lastKnownFileType = wrapper.framework; name = CoreTelephony.framework; path = System/Library/Frameworks/CoreTelephony.framework; sourceTree = SDKROOT; };
		B16E37CC1D1E890B00877D4A /* CoreMedia.framework */ = {isa = PBXFileReference; lastKnownFileType = wrapper.framework; name = CoreMedia.framework; path = System/Library/Frameworks/CoreMedia.framework; sourceTree = SDKROOT; };
		B16E37CE1D1E891300877D4A /* AVFoundation.framework */ = {isa = PBXFileReference; lastKnownFileType = wrapper.framework; name = AVFoundation.framework; path = System/Library/Frameworks/AVFoundation.framework; sourceTree = SDKROOT; };
		B16E37D01D1E891B00877D4A /* VideoToolbox.framework */ = {isa = PBXFileReference; lastKnownFileType = wrapper.framework; name = VideoToolbox.framework; path = System/Library/Frameworks/VideoToolbox.framework; sourceTree = SDKROOT; };
		B16E37D21D1E892300877D4A /* AudioToolbox.framework */ = {isa = PBXFileReference; lastKnownFileType = wrapper.framework; name = AudioToolbox.framework; path = System/Library/Frameworks/AudioToolbox.framework; sourceTree = SDKROOT; };
		B16E37D41D1E8B1300877D4A /* AgoraRtcEngineKit.framework */ = {isa = PBXFileReference; lastKnownFileType = wrapper.framework; path = AgoraRtcEngineKit.framework; sourceTree = "<group>"; };
		B16E37D61D1E97D300877D4A /* LiveViewController.xib */ = {isa = PBXFileReference; fileEncoding = 4; lastKnownFileType = file.xib; path = LiveViewController.xib; sourceTree = "<group>"; };
		B16E37DA1D1E9AED00877D4A /* AGDChatCell.h */ = {isa = PBXFileReference; fileEncoding = 4; lastKnownFileType = sourcecode.c.h; path = AGDChatCell.h; sourceTree = "<group>"; };
		B16E37DB1D1E9AED00877D4A /* AGDChatCell.m */ = {isa = PBXFileReference; fileEncoding = 4; lastKnownFileType = sourcecode.c.objc; path = AGDChatCell.m; sourceTree = "<group>"; };
		C54B5BD91D1EA64C005B8273 /* UITableView+HYBCacheHeight.h */ = {isa = PBXFileReference; fileEncoding = 4; lastKnownFileType = sourcecode.c.h; path = "UITableView+HYBCacheHeight.h"; sourceTree = "<group>"; };
		C54B5BDA1D1EA64C005B8273 /* UITableView+HYBCacheHeight.m */ = {isa = PBXFileReference; fileEncoding = 4; lastKnownFileType = sourcecode.c.objc; path = "UITableView+HYBCacheHeight.m"; sourceTree = "<group>"; };
		C54B5BDB1D1EA64C005B8273 /* UITableViewCell+HYBMasonryAutoCellHeight.h */ = {isa = PBXFileReference; fileEncoding = 4; lastKnownFileType = sourcecode.c.h; path = "UITableViewCell+HYBMasonryAutoCellHeight.h"; sourceTree = "<group>"; };
		C54B5BDC1D1EA64C005B8273 /* UITableViewCell+HYBMasonryAutoCellHeight.m */ = {isa = PBXFileReference; fileEncoding = 4; lastKnownFileType = sourcecode.c.objc; path = "UITableViewCell+HYBMasonryAutoCellHeight.m"; sourceTree = "<group>"; };
		C54B5BDF1D1EA67D005B8273 /* JGridView.h */ = {isa = PBXFileReference; fileEncoding = 4; lastKnownFileType = sourcecode.c.h; path = JGridView.h; sourceTree = "<group>"; };
		C54B5BE01D1EA67D005B8273 /* JGridView.m */ = {isa = PBXFileReference; fileEncoding = 4; lastKnownFileType = sourcecode.c.objc; path = JGridView.m; sourceTree = "<group>"; };
		C54B5BE11D1EA67D005B8273 /* JMessageCell.h */ = {isa = PBXFileReference; fileEncoding = 4; lastKnownFileType = sourcecode.c.h; path = JMessageCell.h; sourceTree = "<group>"; };
		C54B5BE21D1EA67D005B8273 /* JMessageCell.m */ = {isa = PBXFileReference; fileEncoding = 4; lastKnownFileType = sourcecode.c.objc; path = JMessageCell.m; sourceTree = "<group>"; };
		C54B5BE31D1EA67D005B8273 /* JMessageModel.h */ = {isa = PBXFileReference; fileEncoding = 4; lastKnownFileType = sourcecode.c.h; path = JMessageModel.h; sourceTree = "<group>"; };
		C54B5BE41D1EA67D005B8273 /* JMessageModel.m */ = {isa = PBXFileReference; fileEncoding = 4; lastKnownFileType = sourcecode.c.objc; path = JMessageModel.m; sourceTree = "<group>"; };
		C54B5BE91D1EA697005B8273 /* LoginViewController.h */ = {isa = PBXFileReference; fileEncoding = 4; lastKnownFileType = sourcecode.c.h; path = LoginViewController.h; sourceTree = "<group>"; };
		C54B5BEA1D1EA697005B8273 /* LoginViewController.m */ = {isa = PBXFileReference; fileEncoding = 4; lastKnownFileType = sourcecode.c.objc; path = LoginViewController.m; sourceTree = "<group>"; };
		C54B5BEB1D1EA697005B8273 /* LoginViewController.xib */ = {isa = PBXFileReference; fileEncoding = 4; lastKnownFileType = file.xib; path = LoginViewController.xib; sourceTree = "<group>"; };
		EAFDB3E5B1B9A2EF09BD9FB8 /* Pods-HackathonClient.debug.xcconfig */ = {isa = PBXFileReference; includeInIndex = 1; lastKnownFileType = text.xcconfig; name = "Pods-HackathonClient.debug.xcconfig"; path = "Pods/Target Support Files/Pods-HackathonClient/Pods-HackathonClient.debug.xcconfig"; sourceTree = "<group>"; };
/* End PBXFileReference section */

/* Begin PBXFrameworksBuildPhase section */
		B16E378D1D1E51E500877D4A /* Frameworks */ = {
			isa = PBXFrameworksBuildPhase;
			buildActionMask = 2147483647;
			files = (
				B16E37D31D1E892300877D4A /* AudioToolbox.framework in Frameworks */,
				B16E37D11D1E891B00877D4A /* VideoToolbox.framework in Frameworks */,
				B16E37D51D1E8B1300877D4A /* AgoraRtcEngineKit.framework in Frameworks */,
				B16E37CF1D1E891300877D4A /* AVFoundation.framework in Frameworks */,
				B16E37CD1D1E890B00877D4A /* CoreMedia.framework in Frameworks */,
				B16E37CB1D1E890300877D4A /* CoreTelephony.framework in Frameworks */,
				B16E37C91D1E88FC00877D4A /* SystemConfiguration.framework in Frameworks */,
				B16E37C71D1E88F400877D4A /* CoreMotion.framework in Frameworks */,
				B16E37C51D1E88EC00877D4A /* libc++.tbd in Frameworks */,
				876E2173AD527B8578DC0D8A /* Pods_HackathonClient.framework in Frameworks */,
			);
			runOnlyForDeploymentPostprocessing = 0;
		};
/* End PBXFrameworksBuildPhase section */

/* Begin PBXGroup section */
		6E0FE51823BF856E00DE4316 /* Frameworks */ = {
			isa = PBXGroup;
			children = (
				B16E37D21D1E892300877D4A /* AudioToolbox.framework */,
				B16E37D01D1E891B00877D4A /* VideoToolbox.framework */,
				B16E37CE1D1E891300877D4A /* AVFoundation.framework */,
				B16E37CC1D1E890B00877D4A /* CoreMedia.framework */,
				B16E37CA1D1E890300877D4A /* CoreTelephony.framework */,
				B16E37C81D1E88FC00877D4A /* SystemConfiguration.framework */,
				B16E37C61D1E88F400877D4A /* CoreMotion.framework */,
				B16E37C41D1E88EC00877D4A /* libc++.tbd */,
				734B80E9C9EA89D7D7822264 /* Pods_HackathonClient.framework */,
			);
			name = Frameworks;
			sourceTree = "<group>";
		};
		B16E37871D1E51E500877D4A = {
			isa = PBXGroup;
			children = (
				B16E37921D1E51E500877D4A /* HackathonClient */,
				B16E37911D1E51E500877D4A /* Products */,
				D1BB84EECCBF4F8C22A74A92 /* Pods */,
				6E0FE51823BF856E00DE4316 /* Frameworks */,
			);
			sourceTree = "<group>";
		};
		B16E37911D1E51E500877D4A /* Products */ = {
			isa = PBXGroup;
			children = (
				B16E37901D1E51E500877D4A /* HackathonClient.app */,
			);
			name = Products;
			sourceTree = "<group>";
		};
		B16E37921D1E51E500877D4A /* HackathonClient */ = {
			isa = PBXGroup;
			children = (
				B16E37AA1D1E781B00877D4A /* Source */,
				B16E37961D1E51E500877D4A /* AppDelegate.h */,
				B16E37971D1E51E500877D4A /* AppDelegate.m */,
				B16E379F1D1E51E500877D4A /* Assets.xcassets */,
				B16E37A11D1E51E500877D4A /* LaunchScreen.storyboard */,
				B16E37A41D1E51E500877D4A /* Info.plist */,
				B16E37931D1E51E500877D4A /* Supporting Files */,
			);
			path = HackathonClient;
			sourceTree = "<group>";
		};
		B16E37931D1E51E500877D4A /* Supporting Files */ = {
			isa = PBXGroup;
			children = (
				B16E37941D1E51E500877D4A /* main.m */,
			);
			name = "Supporting Files";
			sourceTree = "<group>";
		};
		B16E37AA1D1E781B00877D4A /* Source */ = {
			isa = PBXGroup;
			children = (
				C54B5BE81D1EA697005B8273 /* Login */,
				B16E37BA1D1E7DE200877D4A /* CYLTabBar */,
				B16E37AB1D1E781B00877D4A /* Explore */,
				B16E37AC1D1E781B00877D4A /* Live */,
				B16E37AD1D1E781B00877D4A /* Profile */,
			);
			path = Source;
			sourceTree = "<group>";
		};
		B16E37AB1D1E781B00877D4A /* Explore */ = {
			isa = PBXGroup;
			children = (
				C54B5BDF1D1EA67D005B8273 /* JGridView.h */,
				C54B5BE01D1EA67D005B8273 /* JGridView.m */,
				C54B5BE11D1EA67D005B8273 /* JMessageCell.h */,
				C54B5BE21D1EA67D005B8273 /* JMessageCell.m */,
				C54B5BE31D1EA67D005B8273 /* JMessageModel.h */,
				C54B5BE41D1EA67D005B8273 /* JMessageModel.m */,
				C54B5BD81D1EA64C005B8273 /* HYBMasonryAutoCellHeight */,
				B16E37AE1D1E783300877D4A /* ExploreViewController.h */,
				B16E37AF1D1E783300877D4A /* ExploreViewController.m */,
			);
			path = Explore;
			sourceTree = "<group>";
		};
		B16E37AC1D1E781B00877D4A /* Live */ = {
			isa = PBXGroup;
			children = (
				B16E37D91D1E9AED00877D4A /* View */,
				B16E37C11D1E88B900877D4A /* Agora */,
				B16E37B11D1E784A00877D4A /* LiveViewController.h */,
				B16E37B21D1E784A00877D4A /* LiveViewController.m */,
				B16E37D61D1E97D300877D4A /* LiveViewController.xib */,
			);
			path = Live;
			sourceTree = "<group>";
		};
		B16E37AD1D1E781B00877D4A /* Profile */ = {
			isa = PBXGroup;
			children = (
				B16E37B41D1E785800877D4A /* ProfileViewController.h */,
				B16E37B51D1E785800877D4A /* ProfileViewController.m */,
			);
			path = Profile;
			sourceTree = "<group>";
		};
		B16E37BA1D1E7DE200877D4A /* CYLTabBar */ = {
			isa = PBXGroup;
			children = (
				B16E37BB1D1E7DE200877D4A /* CYLPlusButtonSubclass.h */,
				B16E37BC1D1E7DE200877D4A /* CYLPlusButtonSubclass.m */,
				B16E37BD1D1E7DE200877D4A /* CYLTabBarControllerConfig.h */,
				B16E37BE1D1E7DE200877D4A /* CYLTabBarControllerConfig.m */,
			);
			path = CYLTabBar;
			sourceTree = "<group>";
		};
		B16E37C11D1E88B900877D4A /* Agora */ = {
			isa = PBXGroup;
			children = (
				B16E37D41D1E8B1300877D4A /* AgoraRtcEngineKit.framework */,
			);
			path = Agora;
			sourceTree = "<group>";
		};
		B16E37D91D1E9AED00877D4A /* View */ = {
			isa = PBXGroup;
			children = (
				B16E37DA1D1E9AED00877D4A /* AGDChatCell.h */,
				B16E37DB1D1E9AED00877D4A /* AGDChatCell.m */,
			);
			path = View;
			sourceTree = "<group>";
		};
		C54B5BD81D1EA64C005B8273 /* HYBMasonryAutoCellHeight */ = {
			isa = PBXGroup;
			children = (
				C54B5BD91D1EA64C005B8273 /* UITableView+HYBCacheHeight.h */,
				C54B5BDA1D1EA64C005B8273 /* UITableView+HYBCacheHeight.m */,
				C54B5BDB1D1EA64C005B8273 /* UITableViewCell+HYBMasonryAutoCellHeight.h */,
				C54B5BDC1D1EA64C005B8273 /* UITableViewCell+HYBMasonryAutoCellHeight.m */,
			);
			path = HYBMasonryAutoCellHeight;
			sourceTree = "<group>";
		};
		C54B5BE81D1EA697005B8273 /* Login */ = {
			isa = PBXGroup;
			children = (
				C54B5BE91D1EA697005B8273 /* LoginViewController.h */,
				C54B5BEA1D1EA697005B8273 /* LoginViewController.m */,
				C54B5BEB1D1EA697005B8273 /* LoginViewController.xib */,
			);
			path = Login;
			sourceTree = "<group>";
		};
		D1BB84EECCBF4F8C22A74A92 /* Pods */ = {
			isa = PBXGroup;
			children = (
				EAFDB3E5B1B9A2EF09BD9FB8 /* Pods-HackathonClient.debug.xcconfig */,
				1D6C2C3CD8BB9A4DB7155ED2 /* Pods-HackathonClient.release.xcconfig */,
			);
			name = Pods;
			sourceTree = "<group>";
		};
/* End PBXGroup section */

/* Begin PBXNativeTarget section */
		B16E378F1D1E51E500877D4A /* HackathonClient */ = {
			isa = PBXNativeTarget;
			buildConfigurationList = B16E37A71D1E51E500877D4A /* Build configuration list for PBXNativeTarget "HackathonClient" */;
			buildPhases = (
				02B59FB5DF3610EE7F49D754 /* [CP] Check Pods Manifest.lock */,
				B16E378C1D1E51E500877D4A /* Sources */,
				B16E378D1D1E51E500877D4A /* Frameworks */,
				B16E378E1D1E51E500877D4A /* Resources */,
				83872EEA21439566ACC7B03C /* [CP] Embed Pods Frameworks */,
				8363AE9BDA0CC1DA65F33EE7 /* [CP] Copy Pods Resources */,
				AEB0639ED81977F339B70EDA /* Embed Pods Frameworks */,
			);
			buildRules = (
			);
			dependencies = (
			);
			name = HackathonClient;
			productName = HackathonClient;
			productReference = B16E37901D1E51E500877D4A /* HackathonClient.app */;
			productType = "com.apple.product-type.application";
		};
/* End PBXNativeTarget section */

/* Begin PBXProject section */
		B16E37881D1E51E500877D4A /* Project object */ = {
			isa = PBXProject;
			attributes = {
				LastUpgradeCheck = 0730;
				ORGANIZATIONNAME = AboutBlack;
				TargetAttributes = {
					B16E378F1D1E51E500877D4A = {
						CreatedOnToolsVersion = 7.3.1;
					};
				};
			};
			buildConfigurationList = B16E378B1D1E51E500877D4A /* Build configuration list for PBXProject "HackathonClient" */;
			compatibilityVersion = "Xcode 3.2";
			developmentRegion = English;
			hasScannedForEncodings = 0;
			knownRegions = (
				en,
				Base,
			);
			mainGroup = B16E37871D1E51E500877D4A;
			productRefGroup = B16E37911D1E51E500877D4A /* Products */;
			projectDirPath = "";
			projectRoot = "";
			targets = (
				B16E378F1D1E51E500877D4A /* HackathonClient */,
			);
		};
/* End PBXProject section */

/* Begin PBXResourcesBuildPhase section */
		B16E378E1D1E51E500877D4A /* Resources */ = {
			isa = PBXResourcesBuildPhase;
			buildActionMask = 2147483647;
			files = (
				C54B5BED1D1EA697005B8273 /* LoginViewController.xib in Resources */,
				B16E37A31D1E51E500877D4A /* LaunchScreen.storyboard in Resources */,
				B16E37D71D1E97D300877D4A /* LiveViewController.xib in Resources */,
				B16E37A01D1E51E500877D4A /* Assets.xcassets in Resources */,
			);
			runOnlyForDeploymentPostprocessing = 0;
		};
/* End PBXResourcesBuildPhase section */

/* Begin PBXShellScriptBuildPhase section */
		02B59FB5DF3610EE7F49D754 /* [CP] Check Pods Manifest.lock */ = {
			isa = PBXShellScriptBuildPhase;
			buildActionMask = 2147483647;
			files = (
			);
			inputPaths = (
			);
			name = "[CP] Check Pods Manifest.lock";
			outputPaths = (
			);
			runOnlyForDeploymentPostprocessing = 0;
			shellPath = /bin/sh;
			shellScript = "diff \"${PODS_ROOT}/../Podfile.lock\" \"${PODS_ROOT}/Manifest.lock\" > /dev/null\nif [[ $? != 0 ]] ; then\n    cat << EOM\nerror: The sandbox is not in sync with the Podfile.lock. Run 'pod install' or update your CocoaPods installation.\nEOM\n    exit 1\nfi\n";
			showEnvVarsInLog = 0;
		};
		8363AE9BDA0CC1DA65F33EE7 /* [CP] Copy Pods Resources */ = {
			isa = PBXShellScriptBuildPhase;
			buildActionMask = 2147483647;
			files = (
			);
			inputPaths = (
			);
			name = "[CP] Copy Pods Resources";
			outputPaths = (
			);
			runOnlyForDeploymentPostprocessing = 0;
			shellPath = /bin/sh;
			shellScript = "\"${SRCROOT}/Pods/Target Support Files/Pods-HackathonClient/Pods-HackathonClient-resources.sh\"\n";
			showEnvVarsInLog = 0;
		};
		83872EEA21439566ACC7B03C /* [CP] Embed Pods Frameworks */ = {
			isa = PBXShellScriptBuildPhase;
			buildActionMask = 2147483647;
			files = (
			);
			inputPaths = (
			);
			name = "[CP] Embed Pods Frameworks";
			outputPaths = (
			);
			runOnlyForDeploymentPostprocessing = 0;
			shellPath = /bin/sh;
			shellScript = "\"${SRCROOT}/Pods/Target Support Files/Pods-HackathonClient/Pods-HackathonClient-frameworks.sh\"\n";
			showEnvVarsInLog = 0;
		};
		AEB0639ED81977F339B70EDA /* Embed Pods Frameworks */ = {
			isa = PBXShellScriptBuildPhase;
			buildActionMask = 2147483647;
			files = (
			);
			inputPaths = (
			);
			name = "Embed Pods Frameworks";
			outputPaths = (
			);
			runOnlyForDeploymentPostprocessing = 0;
			shellPath = /bin/sh;
			shellScript = "\"${SRCROOT}/Pods/Target Support Files/Pods-HackathonClient/Pods-HackathonClient-frameworks.sh\"\n";
			showEnvVarsInLog = 0;
		};
/* End PBXShellScriptBuildPhase section */

/* Begin PBXSourcesBuildPhase section */
		B16E378C1D1E51E500877D4A /* Sources */ = {
			isa = PBXSourcesBuildPhase;
			buildActionMask = 2147483647;
			files = (
				C54B5BE71D1EA67D005B8273 /* JMessageModel.m in Sources */,
				B16E37C01D1E7DE200877D4A /* CYLTabBarControllerConfig.m in Sources */,
				B16E37B31D1E784A00877D4A /* LiveViewController.m in Sources */,
				B16E37B01D1E783300877D4A /* ExploreViewController.m in Sources */,
				C54B5BEC1D1EA697005B8273 /* LoginViewController.m in Sources */,
				C54B5BE51D1EA67D005B8273 /* JGridView.m in Sources */,
				C54B5BE61D1EA67D005B8273 /* JMessageCell.m in Sources */,
				B16E37BF1D1E7DE200877D4A /* CYLPlusButtonSubclass.m in Sources */,
				B16E37DC1D1E9AED00877D4A /* AGDChatCell.m in Sources */,
				C54B5BDE1D1EA64C005B8273 /* UITableViewCell+HYBMasonryAutoCellHeight.m in Sources */,
				B16E37981D1E51E500877D4A /* AppDelegate.m in Sources */,
				C54B5BDD1D1EA64C005B8273 /* UITableView+HYBCacheHeight.m in Sources */,
				B16E37B61D1E785800877D4A /* ProfileViewController.m in Sources */,
				B16E37951D1E51E500877D4A /* main.m in Sources */,
			);
			runOnlyForDeploymentPostprocessing = 0;
		};
/* End PBXSourcesBuildPhase section */

/* Begin PBXVariantGroup section */
		B16E37A11D1E51E500877D4A /* LaunchScreen.storyboard */ = {
			isa = PBXVariantGroup;
			children = (
				B16E37A21D1E51E500877D4A /* Base */,
			);
			name = LaunchScreen.storyboard;
			sourceTree = "<group>";
		};
/* End PBXVariantGroup section */

/* Begin XCBuildConfiguration section */
		B16E37A51D1E51E500877D4A /* Debug */ = {
			isa = XCBuildConfiguration;
			buildSettings = {
				ALWAYS_SEARCH_USER_PATHS = NO;
				CLANG_ANALYZER_NONNULL = YES;
				CLANG_CXX_LANGUAGE_STANDARD = "gnu++0x";
				CLANG_CXX_LIBRARY = "libc++";
				CLANG_ENABLE_MODULES = YES;
				CLANG_ENABLE_OBJC_ARC = YES;
				CLANG_WARN_BOOL_CONVERSION = YES;
				CLANG_WARN_CONSTANT_CONVERSION = YES;
				CLANG_WARN_DIRECT_OBJC_ISA_USAGE = YES_ERROR;
				CLANG_WARN_EMPTY_BODY = YES;
				CLANG_WARN_ENUM_CONVERSION = YES;
				CLANG_WARN_INT_CONVERSION = YES;
				CLANG_WARN_OBJC_ROOT_CLASS = YES_ERROR;
				CLANG_WARN_UNREACHABLE_CODE = YES;
				CLANG_WARN__DUPLICATE_METHOD_MATCH = YES;
				"CODE_SIGN_IDENTITY[sdk=iphoneos*]" = "iPhone Developer";
				COPY_PHASE_STRIP = NO;
				DEBUG_INFORMATION_FORMAT = dwarf;
				ENABLE_STRICT_OBJC_MSGSEND = YES;
				ENABLE_TESTABILITY = YES;
				GCC_C_LANGUAGE_STANDARD = gnu99;
				GCC_DYNAMIC_NO_PIC = NO;
				GCC_NO_COMMON_BLOCKS = YES;
				GCC_OPTIMIZATION_LEVEL = 0;
				GCC_PREPROCESSOR_DEFINITIONS = (
					"DEBUG=1",
					"$(inherited)",
				);
				GCC_WARN_64_TO_32_BIT_CONVERSION = YES;
				GCC_WARN_ABOUT_RETURN_TYPE = YES_ERROR;
				GCC_WARN_UNDECLARED_SELECTOR = YES;
				GCC_WARN_UNINITIALIZED_AUTOS = YES_AGGRESSIVE;
				GCC_WARN_UNUSED_FUNCTION = YES;
				GCC_WARN_UNUSED_VARIABLE = YES;
				IPHONEOS_DEPLOYMENT_TARGET = 9.3;
				MTL_ENABLE_DEBUG_INFO = YES;
				ONLY_ACTIVE_ARCH = YES;
				SDKROOT = iphoneos;
			};
			name = Debug;
		};
		B16E37A61D1E51E500877D4A /* Release */ = {
			isa = XCBuildConfiguration;
			buildSettings = {
				ALWAYS_SEARCH_USER_PATHS = NO;
				CLANG_ANALYZER_NONNULL = YES;
				CLANG_CXX_LANGUAGE_STANDARD = "gnu++0x";
				CLANG_CXX_LIBRARY = "libc++";
				CLANG_ENABLE_MODULES = YES;
				CLANG_ENABLE_OBJC_ARC = YES;
				CLANG_WARN_BOOL_CONVERSION = YES;
				CLANG_WARN_CONSTANT_CONVERSION = YES;
				CLANG_WARN_DIRECT_OBJC_ISA_USAGE = YES_ERROR;
				CLANG_WARN_EMPTY_BODY = YES;
				CLANG_WARN_ENUM_CONVERSION = YES;
				CLANG_WARN_INT_CONVERSION = YES;
				CLANG_WARN_OBJC_ROOT_CLASS = YES_ERROR;
				CLANG_WARN_UNREACHABLE_CODE = YES;
				CLANG_WARN__DUPLICATE_METHOD_MATCH = YES;
				"CODE_SIGN_IDENTITY[sdk=iphoneos*]" = "iPhone Developer";
				COPY_PHASE_STRIP = NO;
				DEBUG_INFORMATION_FORMAT = "dwarf-with-dsym";
				ENABLE_NS_ASSERTIONS = NO;
				ENABLE_STRICT_OBJC_MSGSEND = YES;
				GCC_C_LANGUAGE_STANDARD = gnu99;
				GCC_NO_COMMON_BLOCKS = YES;
				GCC_WARN_64_TO_32_BIT_CONVERSION = YES;
				GCC_WARN_ABOUT_RETURN_TYPE = YES_ERROR;
				GCC_WARN_UNDECLARED_SELECTOR = YES;
				GCC_WARN_UNINITIALIZED_AUTOS = YES_AGGRESSIVE;
				GCC_WARN_UNUSED_FUNCTION = YES;
				GCC_WARN_UNUSED_VARIABLE = YES;
				IPHONEOS_DEPLOYMENT_TARGET = 9.3;
				MTL_ENABLE_DEBUG_INFO = NO;
				SDKROOT = iphoneos;
				VALIDATE_PRODUCT = YES;
			};
			name = Release;
		};
		B16E37A81D1E51E500877D4A /* Debug */ = {
			isa = XCBuildConfiguration;
			baseConfigurationReference = EAFDB3E5B1B9A2EF09BD9FB8 /* Pods-HackathonClient.debug.xcconfig */;
			buildSettings = {
				ASSETCATALOG_COMPILER_APPICON_NAME = AppIcon;
				FRAMEWORK_SEARCH_PATHS = (
					"$(inherited)",
					"$(PROJECT_DIR)/HackathonClient/Source/Live/Agora",
				);
				INFOPLIST_FILE = HackathonClient/Info.plist;
				IPHONEOS_DEPLOYMENT_TARGET = 8.0;
				LD_RUNPATH_SEARCH_PATHS = "$(inherited) @executable_path/Frameworks";
				PRODUCT_BUNDLE_IDENTIFIER = "Kai-Sun.HackathonClient";
				PRODUCT_NAME = "$(TARGET_NAME)";
			};
			name = Debug;
		};
		B16E37A91D1E51E500877D4A /* Release */ = {
			isa = XCBuildConfiguration;
			baseConfigurationReference = 1D6C2C3CD8BB9A4DB7155ED2 /* Pods-HackathonClient.release.xcconfig */;
			buildSettings = {
				ASSETCATALOG_COMPILER_APPICON_NAME = AppIcon;
				FRAMEWORK_SEARCH_PATHS = (
					"$(inherited)",
					"$(PROJECT_DIR)/HackathonClient/Source/Live/Agora",
				);
				INFOPLIST_FILE = HackathonClient/Info.plist;
				IPHONEOS_DEPLOYMENT_TARGET = 8.0;
				LD_RUNPATH_SEARCH_PATHS = "$(inherited) @executable_path/Frameworks";
				PRODUCT_BUNDLE_IDENTIFIER = "Kai-Sun.HackathonClient";
				PRODUCT_NAME = "$(TARGET_NAME)";
			};
			name = Release;
		};
/* End XCBuildConfiguration section */

/* Begin XCConfigurationList section */
		B16E378B1D1E51E500877D4A /* Build configuration list for PBXProject "HackathonClient" */ = {
			isa = XCConfigurationList;
			buildConfigurations = (
				B16E37A51D1E51E500877D4A /* Debug */,
				B16E37A61D1E51E500877D4A /* Release */,
			);
			defaultConfigurationIsVisible = 0;
			defaultConfigurationName = Release;
		};
		B16E37A71D1E51E500877D4A /* Build configuration list for PBXNativeTarget "HackathonClient" */ = {
			isa = XCConfigurationList;
			buildConfigurations = (
				B16E37A81D1E51E500877D4A /* Debug */,
				B16E37A91D1E51E500877D4A /* Release */,
			);
			defaultConfigurationIsVisible = 0;
			defaultConfigurationName = Release;
		};
/* End XCConfigurationList section */
	};
	rootObject = B16E37881D1E51E500877D4A /* Project object */;
}
